
Microsoft Visual Studio Solution File, Format Version 12.00
# Visual Studio Version 17
VisualStudioVersion = 17.5.33516.290
MinimumVisualStudioVersion = 10.0.40219.1
Project("{9A19103F-16F7-4668-BE54-9A1E7A4F7556}") = "ULSolutions", "ULSolutions.csproj", "{BAEDCE5B-90CB-4A53-AAD7-D845044369B4}"
EndProject
Project("{FAE04EC0-301F-11D3-BF4B-00C04F79EFBC}") = "ULSolutions.Tests", "..\ULSolutions.Tests\ULSolutions.Tests.csproj", "{C8E5DC73-A1C8-48C0-8404-DFA0346CFC39}"
EndProject
Global
	GlobalSection(SolutionConfigurationPlatforms) = preSolution
		Debug|Any CPU = Debug|Any CPU
		Release|Any CPU = Release|Any CPU
	EndGlobalSection
	GlobalSection(ProjectConfigurationPlatforms) = postSolution
		{BAEDCE5B-90CB-4A53-AAD7-D845044369B4}.Debug|Any CPU.ActiveCfg = Debug|Any CPU
		{BAEDCE5B-90CB-4A53-AAD7-D845044369B4}.Debug|Any CPU.Build.0 = Debug|Any CPU
		{BAEDCE5B-90CB-4A53-AAD7-D845044369B4}.Release|Any CPU.ActiveCfg = Release|Any CPU
		{BAEDCE5B-90CB-4A53-AAD7-D845044369B4}.Release|Any CPU.Build.0 = Release|Any CPU
		{C8E5DC73-A1C8-48C0-8404-DFA0346CFC39}.Debug|Any CPU.ActiveCfg = Debug|Any CPU
		{C8E5DC73-A1C8-48C0-8404-DFA0346CFC39}.Debug|Any CPU.Build.0 = Debug|Any CPU
		{C8E5DC73-A1C8-48C0-8404-DFA0346CFC39}.Release|Any CPU.ActiveCfg = Release|Any CPU
		{C8E5DC73-A1C8-48C0-8404-DFA0346CFC39}.Release|Any CPU.Build.0 = Release|Any CPU
	EndGlobalSection
	GlobalSection(SolutionProperties) = preSolution
		HideSolutionNode = FALSE
	EndGlobalSection
	GlobalSection(ExtensibilityGlobals) = postSolution
		SolutionGuid = {07C945DD-620B-4A47-BAE8-095D8ED5A5CD}
	EndGlobalSection
EndGlobal
